<Solution>
  <Folder Name="/src/">
    <Project Path="src/Deep.Protocol.Abstractions/Deep.Protocol.Abstractions.csproj" />
    <Project Path="src/Deep.Protocol.Protobuf/Deep.Protocol.Protobuf.csproj" />
    <Project Path="src/Deep.Protocol/Deep.Protocol.csproj" />
  </Folder>
  <Folder Name="/tests/">
    <Project Path="tests/Deep.Protocol.GoldenVectors/Deep.Protocol.GoldenVectors.csproj" />
    <Project Path="tests/Deep.Protocol.Tests/Deep.Protocol.Tests.csproj" />
  </Folder>
</Solution>
